Microsoft Visual Studio Solution File, Format Version 11.00
# Visual Studio 2010
Project("{FAE04EC0-301F-11D3-BF4B-00C04F79EFBC}") = "LinqToObjectsDataSource", "LinqToObjectsDataSource.csproj", "{CF75BDA1-02B9-45C4-93AC-420B267BDDDB}"
EndProject
Global
	GlobalSection(SolutionConfigurationPlatforms) = preSolution
		Debug|Any CPU = Debug|Any CPU
		Release|Any CPU = Release|Any CPU
	EndGlobalSection
	GlobalSection(ProjectConfigurationPlatforms) = postSolution
		{CF75BDA1-02B9-45C4-93AC-420B267BDDDB}.Debug|Any CPU.ActiveCfg = Debug|Any CPU
		{CF75BDA1-02B9-45C4-93AC-420B267BDDDB}.Debug|Any CPU.Build.0 = Debug|Any CPU
		{CF75BDA1-02B9-45C4-93AC-420B267BDDDB}.Release|Any CPU.ActiveCfg = Release|Any CPU
		{CF75BDA1-02B9-45C4-93AC-420B267BDDDB}.Release|Any CPU.Build.0 = Release|Any CPU
	EndGlobalSection
	GlobalSection(SolutionProperties) = preSolution
		HideSolutionNode = FALSE
	EndGlobalSection
EndGlobal
